
Microsoft Visual Studio Solution File, Format Version 12.00
# Visual Studio 2013
VisualStudioVersion = 12.0.40629.0
MinimumVisualStudioVersion = 10.0.40219.1
Project("{FAE04EC0-301F-11D3-BF4B-00C04F79EFBC}") = "W5.GeometricApplications", "W5.GeometricApplications\W5.GeometricApplications.csproj", "{F69FD5F0-3919-4935-81AF-8EAEC7F3C585}"
EndProject
Global
	GlobalSection(SolutionConfigurationPlatforms) = preSolution
		Debug|Any CPU = Debug|Any CPU
		Release|Any CPU = Release|Any CPU
	EndGlobalSection
	GlobalSection(ProjectConfigurationPlatforms) = postSolution
		{F69FD5F0-3919-4935-81AF-8EAEC7F3C585}.Debug|Any CPU.ActiveCfg = Debug|Any CPU
		{F69FD5F0-3919-4935-81AF-8EAEC7F3C585}.Debug|Any CPU.Build.0 = Debug|Any CPU
		{F69FD5F0-3919-4935-81AF-8EAEC7F3C585}.Release|Any CPU.ActiveCfg = Release|Any CPU
		{F69FD5F0-3919-4935-81AF-8EAEC7F3C585}.Release|Any CPU.Build.0 = Release|Any CPU
	EndGlobalSection
	GlobalSection(SolutionProperties) = preSolution
		HideSolutionNode = FALSE
	EndGlobalSection
EndGlobal
