
Microsoft Visual Studio Solution File, Format Version 12.00
# Visual Studio 2013
VisualStudioVersion = 12.0.40629.0
MinimumVisualStudioVersion = 10.0.40219.1
Project("{FAE04EC0-301F-11D3-BF4B-00C04F79EFBC}") = "W3.MergeSort", "W3.MergeSort\W3.MergeSort.csproj", "{B0CC0E43-7C5F-41DC-AFE6-D471133AFE3B}"
EndProject
Global
	GlobalSection(SolutionConfigurationPlatforms) = preSolution
		Debug|Any CPU = Debug|Any CPU
		Release|Any CPU = Release|Any CPU
	EndGlobalSection
	GlobalSection(ProjectConfigurationPlatforms) = postSolution
		{B0CC0E43-7C5F-41DC-AFE6-D471133AFE3B}.Debug|Any CPU.ActiveCfg = Debug|Any CPU
		{B0CC0E43-7C5F-41DC-AFE6-D471133AFE3B}.Debug|Any CPU.Build.0 = Debug|Any CPU
		{B0CC0E43-7C5F-41DC-AFE6-D471133AFE3B}.Release|Any CPU.ActiveCfg = Release|Any CPU
		{B0CC0E43-7C5F-41DC-AFE6-D471133AFE3B}.Release|Any CPU.Build.0 = Release|Any CPU
	EndGlobalSection
	GlobalSection(SolutionProperties) = preSolution
		HideSolutionNode = FALSE
	EndGlobalSection
EndGlobal
