
Microsoft Visual Studio Solution File, Format Version 12.00
# Visual Studio 2013
VisualStudioVersion = 12.0.40629.0
MinimumVisualStudioVersion = 10.0.40219.1
Project("{FAE04EC0-301F-11D3-BF4B-00C04F79EFBC}") = "W3.BubbleSort", "W3.BubbleSort\W3.BubbleSort.csproj", "{504558EA-C1A9-4534-BBFB-FB40927B5D13}"
EndProject
Global
	GlobalSection(SolutionConfigurationPlatforms) = preSolution
		Debug|Any CPU = Debug|Any CPU
		Release|Any CPU = Release|Any CPU
	EndGlobalSection
	GlobalSection(ProjectConfigurationPlatforms) = postSolution
		{504558EA-C1A9-4534-BBFB-FB40927B5D13}.Debug|Any CPU.ActiveCfg = Debug|Any CPU
		{504558EA-C1A9-4534-BBFB-FB40927B5D13}.Debug|Any CPU.Build.0 = Debug|Any CPU
		{504558EA-C1A9-4534-BBFB-FB40927B5D13}.Release|Any CPU.ActiveCfg = Release|Any CPU
		{504558EA-C1A9-4534-BBFB-FB40927B5D13}.Release|Any CPU.Build.0 = Release|Any CPU
	EndGlobalSection
	GlobalSection(SolutionProperties) = preSolution
		HideSolutionNode = FALSE
	EndGlobalSection
EndGlobal
